
Microsoft Visual Studio Solution File, Format Version 12.00
# Visual Studio Version 16
VisualStudioVersion = 16.0.29009.5
MinimumVisualStudioVersion = 10.0.40219.1
Project("{2150E333-8FDC-42A3-9474-1A3956D46DE8}") = "src", "src", "{97C93F83-37D0-41FA-AA43-86FE3A373927}"
EndProject
Project("{9A19103F-16F7-4668-BE54-9A1E7A4F7556}") = "GGDBF.Common", "src\GGDBF.Common\GGDBF.Common.csproj", "{15E0FEB3-4BC3-49A1-81DC-DB0E74940FEA}"
EndProject
Project("{9A19103F-16F7-4668-BE54-9A1E7A4F7556}") = "GGDBF.Compiler", "src\GGDBF.Compiler\GGDBF.Compiler.csproj", "{D543AFB4-50AC-45CF-888F-163B43E41E3A}"
EndProject
Project("{2150E333-8FDC-42A3-9474-1A3956D46DE8}") = "tests", "tests", "{21CED141-64DE-41B4-A066-C080156DC19A}"
EndProject
Project("{9A19103F-16F7-4668-BE54-9A1E7A4F7556}") = "GGDBF.Compiler.ManualTest", "tests\GGDBF.Compiler.ManualTest\GGDBF.Compiler.ManualTest.csproj", "{C037F091-D726-4760-808F-812C605F1247}"
EndProject
Project("{9A19103F-16F7-4668-BE54-9A1E7A4F7556}") = "GGDBF.DataSource.EntityFramework", "src\GGDBF.DataSource.EntityFramework\GGDBF.DataSource.EntityFramework.csproj", "{9F5B91D5-E063-4A37-9251-B08F90C9873A}"
EndProject
Project("{9A19103F-16F7-4668-BE54-9A1E7A4F7556}") = "GGDBF.Generator", "src\GGDBF.Generator\GGDBF.Generator.csproj", "{26CDC618-8A0D-4871-828D-47958B0CBF1E}"
EndProject
Project("{FAE04EC0-301F-11D3-BF4B-00C04F79EFBC}") = "GGDBF.Generator.ManualTest", "tests\GGDBF.Generator.ManualTest\GGDBF.Generator.ManualTest.csproj", "{5C0498D8-9A25-4673-989A-C57D351014AE}"
EndProject
Project("{FAE04EC0-301F-11D3-BF4B-00C04F79EFBC}") = "GGDBF.Serializer.ProtobufNet", "src\GGDBF.Serializer.ProtobufNet\GGDBF.Serializer.ProtobufNet.csproj", "{A4C7F22F-D756-4C8B-9178-D8FC51A1A743}"
EndProject
Global
	GlobalSection(SolutionConfigurationPlatforms) = preSolution
		Debug|Any CPU = Debug|Any CPU
		Release|Any CPU = Release|Any CPU
	EndGlobalSection
	GlobalSection(ProjectConfigurationPlatforms) = postSolution
		{15E0FEB3-4BC3-49A1-81DC-DB0E74940FEA}.Debug|Any CPU.ActiveCfg = Debug|Any CPU
		{15E0FEB3-4BC3-49A1-81DC-DB0E74940FEA}.Debug|Any CPU.Build.0 = Debug|Any CPU
		{15E0FEB3-4BC3-49A1-81DC-DB0E74940FEA}.Release|Any CPU.ActiveCfg = Release|Any CPU
		{15E0FEB3-4BC3-49A1-81DC-DB0E74940FEA}.Release|Any CPU.Build.0 = Release|Any CPU
		{D543AFB4-50AC-45CF-888F-163B43E41E3A}.Debug|Any CPU.ActiveCfg = Debug|Any CPU
		{D543AFB4-50AC-45CF-888F-163B43E41E3A}.Debug|Any CPU.Build.0 = Debug|Any CPU
		{D543AFB4-50AC-45CF-888F-163B43E41E3A}.Release|Any CPU.ActiveCfg = Release|Any CPU
		{D543AFB4-50AC-45CF-888F-163B43E41E3A}.Release|Any CPU.Build.0 = Release|Any CPU
		{C037F091-D726-4760-808F-812C605F1247}.Debug|Any CPU.ActiveCfg = Debug|Any CPU
		{C037F091-D726-4760-808F-812C605F1247}.Debug|Any CPU.Build.0 = Debug|Any CPU
		{C037F091-D726-4760-808F-812C605F1247}.Release|Any CPU.ActiveCfg = Release|Any CPU
		{C037F091-D726-4760-808F-812C605F1247}.Release|Any CPU.Build.0 = Release|Any CPU
		{9F5B91D5-E063-4A37-9251-B08F90C9873A}.Debug|Any CPU.ActiveCfg = Debug|Any CPU
		{9F5B91D5-E063-4A37-9251-B08F90C9873A}.Debug|Any CPU.Build.0 = Debug|Any CPU
		{9F5B91D5-E063-4A37-9251-B08F90C9873A}.Release|Any CPU.ActiveCfg = Release|Any CPU
		{9F5B91D5-E063-4A37-9251-B08F90C9873A}.Release|Any CPU.Build.0 = Release|Any CPU
		{26CDC618-8A0D-4871-828D-47958B0CBF1E}.Debug|Any CPU.ActiveCfg = Debug|Any CPU
		{26CDC618-8A0D-4871-828D-47958B0CBF1E}.Debug|Any CPU.Build.0 = Debug|Any CPU
		{26CDC618-8A0D-4871-828D-47958B0CBF1E}.Release|Any CPU.ActiveCfg = Release|Any CPU
		{26CDC618-8A0D-4871-828D-47958B0CBF1E}.Release|Any CPU.Build.0 = Release|Any CPU
		{5C0498D8-9A25-4673-989A-C57D351014AE}.Debug|Any CPU.ActiveCfg = Debug|Any CPU
		{5C0498D8-9A25-4673-989A-C57D351014AE}.Debug|Any CPU.Build.0 = Debug|Any CPU
		{5C0498D8-9A25-4673-989A-C57D351014AE}.Release|Any CPU.ActiveCfg = Release|Any CPU
		{5C0498D8-9A25-4673-989A-C57D351014AE}.Release|Any CPU.Build.0 = Release|Any CPU
		{A4C7F22F-D756-4C8B-9178-D8FC51A1A743}.Debug|Any CPU.ActiveCfg = Debug|Any CPU
		{A4C7F22F-D756-4C8B-9178-D8FC51A1A743}.Debug|Any CPU.Build.0 = Debug|Any CPU
		{A4C7F22F-D756-4C8B-9178-D8FC51A1A743}.Release|Any CPU.ActiveCfg = Release|Any CPU
		{A4C7F22F-D756-4C8B-9178-D8FC51A1A743}.Release|Any CPU.Build.0 = Release|Any CPU
	EndGlobalSection
	GlobalSection(SolutionProperties) = preSolution
		HideSolutionNode = FALSE
	EndGlobalSection
	GlobalSection(NestedProjects) = preSolution
		{15E0FEB3-4BC3-49A1-81DC-DB0E74940FEA} = {97C93F83-37D0-41FA-AA43-86FE3A373927}
		{D543AFB4-50AC-45CF-888F-163B43E41E3A} = {97C93F83-37D0-41FA-AA43-86FE3A373927}
		{C037F091-D726-4760-808F-812C605F1247} = {21CED141-64DE-41B4-A066-C080156DC19A}
		{9F5B91D5-E063-4A37-9251-B08F90C9873A} = {97C93F83-37D0-41FA-AA43-86FE3A373927}
		{26CDC618-8A0D-4871-828D-47958B0CBF1E} = {97C93F83-37D0-41FA-AA43-86FE3A373927}
		{5C0498D8-9A25-4673-989A-C57D351014AE} = {21CED141-64DE-41B4-A066-C080156DC19A}
		{A4C7F22F-D756-4C8B-9178-D8FC51A1A743} = {97C93F83-37D0-41FA-AA43-86FE3A373927}
	EndGlobalSection
	GlobalSection(ExtensibilityGlobals) = postSolution
		SolutionGuid = {98438B05-72FA-4385-BEF0-9A6B45DC9251}
	EndGlobalSection
EndGlobal
