
Microsoft Visual Studio Solution File, Format Version 12.00
# Visual Studio Version 16
VisualStudioVersion = 16.0.29009.5
MinimumVisualStudioVersion = 10.0.40219.1
Project("{2150E333-8FDC-42A3-9474-1A3956D46DE8}") = "src", "src", "{97C93F83-37D0-41FA-AA43-86FE3A373927}"
EndProject
Project("{FAE04EC0-301F-11D3-BF4B-00C04F79EFBC}") = "GGDBF.Metadata", "src\GGDBF.Metadata\GGDBF.Metadata.csproj", "{4E0C7515-36F0-4C66-A550-39EA292EDEF7}"
EndProject
Global
	GlobalSection(SolutionConfigurationPlatforms) = preSolution
		Debug|Any CPU = Debug|Any CPU
		Release|Any CPU = Release|Any CPU
	EndGlobalSection
	GlobalSection(ProjectConfigurationPlatforms) = postSolution
		{4E0C7515-36F0-4C66-A550-39EA292EDEF7}.Debug|Any CPU.ActiveCfg = Debug|Any CPU
		{4E0C7515-36F0-4C66-A550-39EA292EDEF7}.Debug|Any CPU.Build.0 = Debug|Any CPU
		{4E0C7515-36F0-4C66-A550-39EA292EDEF7}.Release|Any CPU.ActiveCfg = Release|Any CPU
		{4E0C7515-36F0-4C66-A550-39EA292EDEF7}.Release|Any CPU.Build.0 = Release|Any CPU
	EndGlobalSection
	GlobalSection(SolutionProperties) = preSolution
		HideSolutionNode = FALSE
	EndGlobalSection
	GlobalSection(NestedProjects) = preSolution
		{4E0C7515-36F0-4C66-A550-39EA292EDEF7} = {97C93F83-37D0-41FA-AA43-86FE3A373927}
	EndGlobalSection
	GlobalSection(ExtensibilityGlobals) = postSolution
		SolutionGuid = {98438B05-72FA-4385-BEF0-9A6B45DC9251}
	EndGlobalSection
EndGlobal
