
Microsoft Visual Studio Solution File, Format Version 12.00
# Visual Studio Version 16
VisualStudioVersion = 16.0.29009.5
MinimumVisualStudioVersion = 10.0.40219.1
Project("{2150E333-8FDC-42A3-9474-1A3956D46DE8}") = "src", "src", "{97C93F83-37D0-41FA-AA43-86FE3A373927}"
EndProject
Project("{9A19103F-16F7-4668-BE54-9A1E7A4F7556}") = "GGDBF.Common", "src\GGDBF.Common\GGDBF.Common.csproj", "{15E0FEB3-4BC3-49A1-81DC-DB0E74940FEA}"
EndProject
Global
	GlobalSection(SolutionConfigurationPlatforms) = preSolution
		Debug|Any CPU = Debug|Any CPU
		Release|Any CPU = Release|Any CPU
	EndGlobalSection
	GlobalSection(ProjectConfigurationPlatforms) = postSolution
		{15E0FEB3-4BC3-49A1-81DC-DB0E74940FEA}.Debug|Any CPU.ActiveCfg = Debug|Any CPU
		{15E0FEB3-4BC3-49A1-81DC-DB0E74940FEA}.Debug|Any CPU.Build.0 = Debug|Any CPU
		{15E0FEB3-4BC3-49A1-81DC-DB0E74940FEA}.Release|Any CPU.ActiveCfg = Release|Any CPU
		{15E0FEB3-4BC3-49A1-81DC-DB0E74940FEA}.Release|Any CPU.Build.0 = Release|Any CPU
	EndGlobalSection
	GlobalSection(SolutionProperties) = preSolution
		HideSolutionNode = FALSE
	EndGlobalSection
	GlobalSection(NestedProjects) = preSolution
		{15E0FEB3-4BC3-49A1-81DC-DB0E74940FEA} = {97C93F83-37D0-41FA-AA43-86FE3A373927}
	EndGlobalSection
	GlobalSection(ExtensibilityGlobals) = postSolution
		SolutionGuid = {98438B05-72FA-4385-BEF0-9A6B45DC9251}
	EndGlobalSection
EndGlobal
